
Microsoft Visual Studio Solution File, Format Version 12.00
# Visual Studio Version 17
VisualStudioVersion = 17.5.002.0
MinimumVisualStudioVersion = 10.0.40219.1
Project("{9A19103F-16F7-4668-BE54-9A1E7A4F7556}") = "text_to_speech_ssml", "text_to_speech_ssml.csproj", "{0B286F6B-AE05-4DC6-A8DD-0B86FE04F78C}"
EndProject
Global
	GlobalSection(SolutionConfigurationPlatforms) = preSolution
		Debug|Any CPU = Debug|Any CPU
		Release|Any CPU = Release|Any CPU
	EndGlobalSection
	GlobalSection(ProjectConfigurationPlatforms) = postSolution
		{0B286F6B-AE05-4DC6-A8DD-0B86FE04F78C}.Debug|Any CPU.ActiveCfg = Debug|Any CPU
		{0B286F6B-AE05-4DC6-A8DD-0B86FE04F78C}.Debug|Any CPU.Build.0 = Debug|Any CPU
		{0B286F6B-AE05-4DC6-A8DD-0B86FE04F78C}.Release|Any CPU.ActiveCfg = Release|Any CPU
		{0B286F6B-AE05-4DC6-A8DD-0B86FE04F78C}.Release|Any CPU.Build.0 = Release|Any CPU
	EndGlobalSection
	GlobalSection(SolutionProperties) = preSolution
		HideSolutionNode = FALSE
	EndGlobalSection
	GlobalSection(ExtensibilityGlobals) = postSolution
		SolutionGuid = {96369849-0895-4EC6-AF9C-70BCEB8DD240}
	EndGlobalSection
EndGlobal
