Microsoft Visual Studio Solution File, Format Version 12.00
# Visual Studio Version 17
VisualStudioVersion = 17.5.2.0
MinimumVisualStudioVersion = 10.0.40219.1
Project("{FAE04EC0-301F-11D3-BF4B-00C04F79EFBC}") = "azure-ai-vision", "azure-ai-vision.csproj", "{7FA1AA0F-0BB0-1ED9-E7E8-8B830B119260}"
EndProject
Global
	GlobalSection(SolutionConfigurationPlatforms) = preSolution
		Debug|Any CPU = Debug|Any CPU
		Release|Any CPU = Release|Any CPU
	EndGlobalSection
	GlobalSection(ProjectConfigurationPlatforms) = postSolution
		{7FA1AA0F-0BB0-1ED9-E7E8-8B830B119260}.Debug|Any CPU.ActiveCfg = Debug|Any CPU
		{7FA1AA0F-0BB0-1ED9-E7E8-8B830B119260}.Debug|Any CPU.Build.0 = Debug|Any CPU
		{7FA1AA0F-0BB0-1ED9-E7E8-8B830B119260}.Release|Any CPU.ActiveCfg = Release|Any CPU
		{7FA1AA0F-0BB0-1ED9-E7E8-8B830B119260}.Release|Any CPU.Build.0 = Release|Any CPU
	EndGlobalSection
	GlobalSection(SolutionProperties) = preSolution
		HideSolutionNode = FALSE
	EndGlobalSection
	GlobalSection(ExtensibilityGlobals) = postSolution
		SolutionGuid = {AF67AC97-EC0F-4F17-911E-9DA63AADEA51}
	EndGlobalSection
EndGlobal
