
Microsoft Visual Studio Solution File, Format Version 12.00
# Visual Studio Version 17
VisualStudioVersion = 17.5.002.0
MinimumVisualStudioVersion = 10.0.40219.1
Project("{9A19103F-16F7-4668-BE54-9A1E7A4F7556}") = "translator", "translator.csproj", "{42665A13-72BF-46BE-B6E2-45C523D5124D}"
EndProject
Global
	GlobalSection(SolutionConfigurationPlatforms) = preSolution
		Debug|Any CPU = Debug|Any CPU
		Release|Any CPU = Release|Any CPU
	EndGlobalSection
	GlobalSection(ProjectConfigurationPlatforms) = postSolution
		{42665A13-72BF-46BE-B6E2-45C523D5124D}.Debug|Any CPU.ActiveCfg = Debug|Any CPU
		{42665A13-72BF-46BE-B6E2-45C523D5124D}.Debug|Any CPU.Build.0 = Debug|Any CPU
		{42665A13-72BF-46BE-B6E2-45C523D5124D}.Release|Any CPU.ActiveCfg = Release|Any CPU
		{42665A13-72BF-46BE-B6E2-45C523D5124D}.Release|Any CPU.Build.0 = Release|Any CPU
	EndGlobalSection
	GlobalSection(SolutionProperties) = preSolution
		HideSolutionNode = FALSE
	EndGlobalSection
	GlobalSection(ExtensibilityGlobals) = postSolution
		SolutionGuid = {32536420-0594-45EF-836C-975308E5AA89}
	EndGlobalSection
EndGlobal
